
Microsoft Visual Studio Solution File, Format Version 12.00
# Visual Studio Version 16
VisualStudioVersion = 16.0.30804.86
MinimumVisualStudioVersion = 10.0.40219.1
Project("{FAE04EC0-301F-11D3-BF4B-00C04F79EFBC}") = "Marinos", "Marinos\Marinos.csproj", "{1DA32FD6-BFD5-44A9-9B49-1812EDA63BA4}"
EndProject
Global
	GlobalSection(SolutionConfigurationPlatforms) = preSolution
		Debug|Any CPU = Debug|Any CPU
		Release|Any CPU = Release|Any CPU
	EndGlobalSection
	GlobalSection(ProjectConfigurationPlatforms) = postSolution
		{1DA32FD6-BFD5-44A9-9B49-1812EDA63BA4}.Debug|Any CPU.ActiveCfg = Debug|Any CPU
		{1DA32FD6-BFD5-44A9-9B49-1812EDA63BA4}.Debug|Any CPU.Build.0 = Debug|Any CPU
		{1DA32FD6-BFD5-44A9-9B49-1812EDA63BA4}.Release|Any CPU.ActiveCfg = Release|Any CPU
		{1DA32FD6-BFD5-44A9-9B49-1812EDA63BA4}.Release|Any CPU.Build.0 = Release|Any CPU
	EndGlobalSection
	GlobalSection(SolutionProperties) = preSolution
		HideSolutionNode = FALSE
	EndGlobalSection
	GlobalSection(ExtensibilityGlobals) = postSolution
		SolutionGuid = {0234C372-DF31-48D7-89AB-E071CB417508}
	EndGlobalSection
EndGlobal
